
Microsoft Visual Studio Solution File, Format Version 12.00
# Visual Studio Version 17
VisualStudioVersion = 17.10.34916.146
MinimumVisualStudioVersion = 10.0.40219.1
Project("{FAE04EC0-301F-11D3-BF4B-00C04F79EFBC}") = "BIIC-Contest", "BIIC-Contest\BIIC-Contest.csproj", "{5DA17998-F45B-4994-8EDC-67FC14300DCB}"
EndProject
Global
	GlobalSection(SolutionConfigurationPlatforms) = preSolution
		Debug|Any CPU = Debug|Any CPU
		Release|Any CPU = Release|Any CPU
	EndGlobalSection
	GlobalSection(ProjectConfigurationPlatforms) = postSolution
		{5DA17998-F45B-4994-8EDC-67FC14300DCB}.Debug|Any CPU.ActiveCfg = Debug|Any CPU
		{5DA17998-F45B-4994-8EDC-67FC14300DCB}.Debug|Any CPU.Build.0 = Debug|Any CPU
		{5DA17998-F45B-4994-8EDC-67FC14300DCB}.Release|Any CPU.ActiveCfg = Release|Any CPU
		{5DA17998-F45B-4994-8EDC-67FC14300DCB}.Release|Any CPU.Build.0 = Release|Any CPU
	EndGlobalSection
	GlobalSection(SolutionProperties) = preSolution
		HideSolutionNode = FALSE
	EndGlobalSection
	GlobalSection(ExtensibilityGlobals) = postSolution
		SolutionGuid = {CE152AB0-8D03-40EA-B330-F1BAA5579EDF}
	EndGlobalSection
EndGlobal
